
Microsoft Visual Studio Solution File, Format Version 12.00
# Visual Studio Version 16
VisualStudioVersion = 16.0.30611.23
MinimumVisualStudioVersion = 10.0.40219.1
Project("{9A19103F-16F7-4668-BE54-9A1E7A4F7556}") = "WorkTracker", "WorkTracker\WorkTracker.csproj", "{77999E2A-4019-4986-AEE8-A769031C6E26}"
EndProject
Project("{FAE04EC0-301F-11D3-BF4B-00C04F79EFBC}") = "WorkTracker.Test", "WorkTracker.Test\WorkTracker.Test.csproj", "{88C764D8-C12C-4BC4-94D9-92C57297B08A}"
EndProject
Global
	GlobalSection(SolutionConfigurationPlatforms) = preSolution
		Debug|Any CPU = Debug|Any CPU
		Release|Any CPU = Release|Any CPU
	EndGlobalSection
	GlobalSection(ProjectConfigurationPlatforms) = postSolution
		{77999E2A-4019-4986-AEE8-A769031C6E26}.Debug|Any CPU.ActiveCfg = Debug|Any CPU
		{77999E2A-4019-4986-AEE8-A769031C6E26}.Debug|Any CPU.Build.0 = Debug|Any CPU
		{77999E2A-4019-4986-AEE8-A769031C6E26}.Release|Any CPU.ActiveCfg = Release|Any CPU
		{77999E2A-4019-4986-AEE8-A769031C6E26}.Release|Any CPU.Build.0 = Release|Any CPU
		{88C764D8-C12C-4BC4-94D9-92C57297B08A}.Debug|Any CPU.ActiveCfg = Debug|Any CPU
		{88C764D8-C12C-4BC4-94D9-92C57297B08A}.Debug|Any CPU.Build.0 = Debug|Any CPU
		{88C764D8-C12C-4BC4-94D9-92C57297B08A}.Release|Any CPU.ActiveCfg = Release|Any CPU
		{88C764D8-C12C-4BC4-94D9-92C57297B08A}.Release|Any CPU.Build.0 = Release|Any CPU
	EndGlobalSection
	GlobalSection(SolutionProperties) = preSolution
		HideSolutionNode = FALSE
	EndGlobalSection
	GlobalSection(ExtensibilityGlobals) = postSolution
		SolutionGuid = {1D4C33E8-7136-4C63-91D1-120D0719FB41}
	EndGlobalSection
EndGlobal
